
Microsoft Visual Studio Solution File, Format Version 12.00
# Visual Studio Version 17
VisualStudioVersion = 17.9.34607.119
MinimumVisualStudioVersion = 10.0.40219.1
Project("{FAE04EC0-301F-11D3-BF4B-00C04F79EFBC}") = "SQLBankingApp", "SQLBankingApp\SQLBankingApp.csproj", "{3AB77B99-C303-4E48-963A-032A9596BDE4}"
EndProject
Global
	GlobalSection(SolutionConfigurationPlatforms) = preSolution
		Debug|Any CPU = Debug|Any CPU
		Release|Any CPU = Release|Any CPU
	EndGlobalSection
	GlobalSection(ProjectConfigurationPlatforms) = postSolution
		{3AB77B99-C303-4E48-963A-032A9596BDE4}.Debug|Any CPU.ActiveCfg = Debug|Any CPU
		{3AB77B99-C303-4E48-963A-032A9596BDE4}.Debug|Any CPU.Build.0 = Debug|Any CPU
		{3AB77B99-C303-4E48-963A-032A9596BDE4}.Release|Any CPU.ActiveCfg = Release|Any CPU
		{3AB77B99-C303-4E48-963A-032A9596BDE4}.Release|Any CPU.Build.0 = Release|Any CPU
	EndGlobalSection
	GlobalSection(SolutionProperties) = preSolution
		HideSolutionNode = FALSE
	EndGlobalSection
	GlobalSection(ExtensibilityGlobals) = postSolution
		SolutionGuid = {D5D1BD24-8FB9-4215-A9A3-DD583610405D}
	EndGlobalSection
EndGlobal
